// !$*UTF8*$!
{
	archiveVersion = 1;
	classes = {
	};
	objectVersion = 77;
	objects = {

/* Begin PBXBuildFile section */
		A91ADE412FAA687E0045AE5D /* PaktlyKit in Frameworks */ = {isa = PBXBuildFile; productRef = A91ADE402FAA687E0045AE5D /* PaktlyKit */; };
/* End PBXBuildFile section */

/* Begin PBXContainerItemProxy section */
		A91ADE222FAA338C0045AE5D /* PBXContainerItemProxy */ = {
			isa = PBXContainerItemProxy;
			containerPortal = A91ADE0C2FAA338B0045AE5D /* Project object */;
			proxyType = 1;
			remoteGlobalIDString = A91ADE132FAA338B0045AE5D;
			remoteInfo = PaktlyDemo;
		};
		A91ADE2C2FAA338C0045AE5D /* PBXContainerItemProxy */ = {
			isa = PBXContainerItemProxy;
			containerPortal = A91ADE0C2FAA338B0045AE5D /* Project object */;
			proxyType = 1;
			remoteGlobalIDString = A91ADE132FAA338B0045AE5D;
			remoteInfo = PaktlyDemo;
		};
/* End PBXContainerItemProxy section */

/* Begin PBXFileReference section */
		A91ADE142FAA338B0045AE5D /* PaktlyDemo.app */ = {isa = PBXFileReference; explicitFileType = wrapper.application; includeInIndex = 0; path = PaktlyDemo.app; sourceTree = BUILT_PRODUCTS_DIR; };
		A91ADE212FAA338C0045AE5D /* PaktlyDemoTests.xctest */ = {isa = PBXFileReference; explicitFileType = wrapper.cfbundle; includeInIndex = 0; path = PaktlyDemoTests.xctest; sourceTree = BUILT_PRODUCTS_DIR; };
		A91ADE2B2FAA338C0045AE5D /* PaktlyDemoUITests.xctest */ = {isa = PBXFileReference; explicitFileType = wrapper.cfbundle; includeInIndex = 0; path = PaktlyDemoUITests.xctest; sourceTree = BUILT_PRODUCTS_DIR; };
/* End PBXFileReference section */

/* Begin PBXFileSystemSynchronizedRootGroup section */
		A91ADE162FAA338B0045AE5D /* PaktlyDemo */ = {
			isa = PBXFileSystemSynchronizedRootGroup;
			path = PaktlyDemo;
			sourceTree = "<group>";
		};
		A91ADE242FAA338C0045AE5D /* PaktlyDemoTests */ = {
			isa = PBXFileSystemSynchronizedRootGroup;
			path = PaktlyDemoTests;
			sourceTree = "<group>";
		};
		A91ADE2E2FAA338C0045AE5D /* PaktlyDemoUITests */ = {
			isa = PBXFileSystemSynchronizedRootGroup;
			path = PaktlyDemoUITests;
			sourceTree = "<group>";
		};
/* End PBXFileSystemSynchronizedRootGroup section */

/* Begin PBXFrameworksBuildPhase section */
		A91ADE112FAA338B0045AE5D /* Frameworks */ = {
			isa = PBXFrameworksBuildPhase;
			buildActionMask = 2147483647;
			files = (
				A91ADE412FAA687E0045AE5D /* PaktlyKit in Frameworks */,
			);
			runOnlyForDeploymentPostprocessing = 0;
		};
		A91ADE1E2FAA338C0045AE5D /* Frameworks */ = {
			isa = PBXFrameworksBuildPhase;
			buildActionMask = 2147483647;
			files = (
			);
			runOnlyForDeploymentPostprocessing = 0;
		};
		A91ADE282FAA338C0045AE5D /* Frameworks */ = {
			isa = PBXFrameworksBuildPhase;
			buildActionMask = 2147483647;
			files = (
			);
			runOnlyForDeploymentPostprocessing = 0;
		};
/* End PBXFrameworksBuildPhase section */

/* Begin PBXGroup section */
		A91ADE0B2FAA338B0045AE5D = {
			isa = PBXGroup;
			children = (
				A91ADE162FAA338B0045AE5D /* PaktlyDemo */,
				A91ADE242FAA338C0045AE5D /* PaktlyDemoTests */,
				A91ADE2E2FAA338C0045AE5D /* PaktlyDemoUITests */,
				A91ADE3F2FAA687E0045AE5D /* Frameworks */,
				A91ADE152FAA338B0045AE5D /* Products */,
			);
			sourceTree = "<group>";
		};
		A91ADE152FAA338B0045AE5D /* Products */ = {
			isa = PBXGroup;
			children = (
				A91ADE142FAA338B0045AE5D /* PaktlyDemo.app */,
				A91ADE212FAA338C0045AE5D /* PaktlyDemoTests.xctest */,
				A91ADE2B2FAA338C0045AE5D /* PaktlyDemoUITests.xctest */,
			);
			name = Products;
			sourceTree = "<group>";
		};
		A91ADE3F2FAA687E0045AE5D /* Frameworks */ = {
			isa = PBXGroup;
			children = (
			);
			name = Frameworks;
			sourceTree = "<group>";
		};
/* End PBXGroup section */

/* Begin PBXNativeTarget section */
		A91ADE132FAA338B0045AE5D /* PaktlyDemo */ = {
			isa = PBXNativeTarget;
			buildConfigurationList = A91ADE352FAA338C0045AE5D /* Build configuration list for PBXNativeTarget "PaktlyDemo" */;
			buildPhases = (
				A91ADE102FAA338B0045AE5D /* Sources */,
				A91ADE112FAA338B0045AE5D /* Frameworks */,
				A91ADE122FAA338B0045AE5D /* Resources */,
			);
			buildRules = (
			);
			dependencies = (
			);
			fileSystemSynchronizedGroups = (
				A91ADE162FAA338B0045AE5D /* PaktlyDemo */,
			);
			name = PaktlyDemo;
			packageProductDependencies = (
				A91ADE402FAA687E0045AE5D /* PaktlyKit */,
			);
			productName = PaktlyDemo;
			productReference = A91ADE142FAA338B0045AE5D /* PaktlyDemo.app */;
			productType = "com.apple.product-type.application";
		};
		A91ADE202FAA338C0045AE5D /* PaktlyDemoTests */ = {
			isa = PBXNativeTarget;
			buildConfigurationList = A91ADE382FAA338C0045AE5D /* Build configuration list for PBXNativeTarget "PaktlyDemoTests" */;
			buildPhases = (
				A91ADE1D2FAA338C0045AE5D /* Sources */,
				A91ADE1E2FAA338C0045AE5D /* Frameworks */,
				A91ADE1F2FAA338C0045AE5D /* Resources */,
			);
			buildRules = (
			);
			dependencies = (
				A91ADE232FAA338C0045AE5D /* PBXTargetDependency */,
			);
			fileSystemSynchronizedGroups = (
				A91ADE242FAA338C0045AE5D /* PaktlyDemoTests */,
			);
			name = PaktlyDemoTests;
			packageProductDependencies = (
			);
			productName = PaktlyDemoTests;
			productReference = A91ADE212FAA338C0045AE5D /* PaktlyDemoTests.xctest */;
			productType = "com.apple.product-type.bundle.unit-test";
		};
		A91ADE2A2FAA338C0045AE5D /* PaktlyDemoUITests */ = {
			isa = PBXNativeTarget;
			buildConfigurationList = A91ADE3B2FAA338C0045AE5D /* Build configuration list for PBXNativeTarget "PaktlyDemoUITests" */;
			buildPhases = (
				A91ADE272FAA338C0045AE5D /* Sources */,
				A91ADE282FAA338C0045AE5D /* Frameworks */,
				A91ADE292FAA338C0045AE5D /* Resources */,
			);
			buildRules = (
			);
			dependencies = (
				A91ADE2D2FAA338C0045AE5D /* PBXTargetDependency */,
			);
			fileSystemSynchronizedGroups = (
				A91ADE2E2FAA338C0045AE5D /* PaktlyDemoUITests */,
			);
			name = PaktlyDemoUITests;
			packageProductDependencies = (
			);
			productName = PaktlyDemoUITests;
			productReference = A91ADE2B2FAA338C0045AE5D /* PaktlyDemoUITests.xctest */;
			productType = "com.apple.product-type.bundle.ui-testing";
		};
/* End PBXNativeTarget section */

/* Begin PBXProject section */
		A91ADE0C2FAA338B0045AE5D /* Project object */ = {
			isa = PBXProject;
			attributes = {
				BuildIndependentTargetsInParallel = 1;
				LastSwiftUpdateCheck = 2620;
				LastUpgradeCheck = 2620;
				TargetAttributes = {
					A91ADE132FAA338B0045AE5D = {
						CreatedOnToolsVersion = 26.2;
					};
					A91ADE202FAA338C0045AE5D = {
						CreatedOnToolsVersion = 26.2;
						TestTargetID = A91ADE132FAA338B0045AE5D;
					};
					A91ADE2A2FAA338C0045AE5D = {
						CreatedOnToolsVersion = 26.2;
						TestTargetID = A91ADE132FAA338B0045AE5D;
					};
				};
			};
			buildConfigurationList = A91ADE0F2FAA338B0045AE5D /* Build configuration list for PBXProject "PaktlyDemo" */;
			developmentRegion = en;
			hasScannedForEncodings = 0;
			knownRegions = (
				en,
				Base,
				tr,
				de,
				"zh-Hans",
				es,
			);
			mainGroup = A91ADE0B2FAA338B0045AE5D;
			minimizedProjectReferenceProxies = 1;
			packageReferences = (
				A91ADE3E2FAA33F80045AE5D /* XCLocalSwiftPackageReference "../../../ios" */,
			);
			preferredProjectObjectVersion = 77;
			productRefGroup = A91ADE152FAA338B0045AE5D /* Products */;
			projectDirPath = "";
			projectRoot = "";
			targets = (
				A91ADE132FAA338B0045AE5D /* PaktlyDemo */,
				A91ADE202FAA338C0045AE5D /* PaktlyDemoTests */,
				A91ADE2A2FAA338C0045AE5D /* PaktlyDemoUITests */,
			);
		};
/* End PBXProject section */

/* Begin PBXResourcesBuildPhase section */
		A91ADE122FAA338B0045AE5D /* Resources */ = {
			isa = PBXResourcesBuildPhase;
			buildActionMask = 2147483647;
			files = (
			);
			runOnlyForDeploymentPostprocessing = 0;
		};
		A91ADE1F2FAA338C0045AE5D /* Resources */ = {
			isa = PBXResourcesBuildPhase;
			buildActionMask = 2147483647;
			files = (
			);
			runOnlyForDeploymentPostprocessing = 0;
		};
		A91ADE292FAA338C0045AE5D /* Resources */ = {
			isa = PBXResourcesBuildPhase;
			buildActionMask = 2147483647;
			files = (
			);
			runOnlyForDeploymentPostprocessing = 0;
		};
/* End PBXResourcesBuildPhase section */

/* Begin PBXSourcesBuildPhase section */
		A91ADE102FAA338B0045AE5D /* Sources */ = {
			isa = PBXSourcesBuildPhase;
			buildActionMask = 2147483647;
			files = (
			);
			runOnlyForDeploymentPostprocessing = 0;
		};
		A91ADE1D2FAA338C0045AE5D /* Sources */ = {
			isa = PBXSourcesBuildPhase;
			buildActionMask = 2147483647;
			files = (
			);
			runOnlyForDeploymentPostprocessing = 0;
		};
		A91ADE272FAA338C0045AE5D /* Sources */ = {
			isa = PBXSourcesBuildPhase;
			buildActionMask = 2147483647;
			files = (
			);
			runOnlyForDeploymentPostprocessing = 0;
		};
/* End PBXSourcesBuildPhase section */

/* Begin PBXTargetDependency section */
		A91ADE232FAA338C0045AE5D /* PBXTargetDependency */ = {
			isa = PBXTargetDependency;
			target = A91ADE132FAA338B0045AE5D /* PaktlyDemo */;
			targetProxy = A91ADE222FAA338C0045AE5D /* PBXContainerItemProxy */;
		};
		A91ADE2D2FAA338C0045AE5D /* PBXTargetDependency */ = {
			isa = PBXTargetDependency;
			target = A91ADE132FAA338B0045AE5D /* PaktlyDemo */;
			targetProxy = A91ADE2C2FAA338C0045AE5D /* PBXContainerItemProxy */;
		};
/* End PBXTargetDependency section */

/* Begin XCBuildConfiguration section */
		A91ADE332FAA338C0045AE5D /* Debug */ = {
			isa = XCBuildConfiguration;
			buildSettings = {
				ALWAYS_SEARCH_USER_PATHS = NO;
				ASSETCATALOG_COMPILER_GENERATE_SWIFT_ASSET_SYMBOL_EXTENSIONS = YES;
				CLANG_ANALYZER_NONNULL = YES;
				CLANG_ANALYZER_NUMBER_OBJECT_CONVERSION = YES_AGGRESSIVE;
				CLANG_CXX_LANGUAGE_STANDARD = "gnu++20";
				CLANG_ENABLE_MODULES = YES;
				CLANG_ENABLE_OBJC_ARC = YES;
				CLANG_ENABLE_OBJC_WEAK = YES;
				CLANG_WARN_BLOCK_CAPTURE_AUTORELEASING = YES;
				CLANG_WARN_BOOL_CONVERSION = YES;
				CLANG_WARN_COMMA = YES;
				CLANG_WARN_CONSTANT_CONVERSION = YES;
				CLANG_WARN_DEPRECATED_OBJC_IMPLEMENTATIONS = YES;
				CLANG_WARN_DIRECT_OBJC_ISA_USAGE = YES_ERROR;
				CLANG_WARN_DOCUMENTATION_COMMENTS = YES;
				CLANG_WARN_EMPTY_BODY = YES;
				CLANG_WARN_ENUM_CONVERSION = YES;
				CLANG_WARN_INFINITE_RECURSION = YES;
				CLANG_WARN_INT_CONVERSION = YES;
				CLANG_WARN_NON_LITERAL_NULL_CONVERSION = YES;
				CLANG_WARN_OBJC_IMPLICIT_RETAIN_SELF = YES;
				CLANG_WARN_OBJC_LITERAL_CONVERSION = YES;
				CLANG_WARN_OBJC_ROOT_CLASS = YES_ERROR;
				CLANG_WARN_QUOTED_INCLUDE_IN_FRAMEWORK_HEADER = YES;
				CLANG_WARN_RANGE_LOOP_ANALYSIS = YES;
				CLANG_WARN_STRICT_PROTOTYPES = YES;
				CLANG_WARN_SUSPICIOUS_MOVE = YES;
				CLANG_WARN_UNGUARDED_AVAILABILITY = YES_AGGRESSIVE;
				CLANG_WARN_UNREACHABLE_CODE = YES;
				CLANG_WARN__DUPLICATE_METHOD_MATCH = YES;
				COPY_PHASE_STRIP = NO;
				DEBUG_INFORMATION_FORMAT = dwarf;
				DEVELOPMENT_TEAM = C8MD7S4PA6;
				ENABLE_STRICT_OBJC_MSGSEND = YES;
				ENABLE_TESTABILITY = YES;
				ENABLE_USER_SCRIPT_SANDBOXING = YES;
				GCC_C_LANGUAGE_STANDARD = gnu17;
				GCC_DYNAMIC_NO_PIC = NO;
				GCC_NO_COMMON_BLOCKS = YES;
				GCC_OPTIMIZATION_LEVEL = 0;
				GCC_PREPROCESSOR_DEFINITIONS = (
					"DEBUG=1",
					"$(inherited)",
				);
				GCC_WARN_64_TO_32_BIT_CONVERSION = YES;
				GCC_WARN_ABOUT_RETURN_TYPE = YES_ERROR;
				GCC_WARN_UNDECLARED_SELECTOR = YES;
				GCC_WARN_UNINITIALIZED_AUTOS = YES_AGGRESSIVE;
				GCC_WARN_UNUSED_FUNCTION = YES;
				GCC_WARN_UNUSED_VARIABLE = YES;
				IPHONEOS_DEPLOYMENT_TARGET = 26.2;
				LOCALIZATION_PREFERS_STRING_CATALOGS = YES;
				MTL_ENABLE_DEBUG_INFO = INCLUDE_SOURCE;
				MTL_FAST_MATH = YES;
				ONLY_ACTIVE_ARCH = YES;
				SDKROOT = iphoneos;
				SWIFT_ACTIVE_COMPILATION_CONDITIONS = "DEBUG $(inherited)";
				SWIFT_OPTIMIZATION_LEVEL = "-Onone";
			};
			name = Debug;
		};
		A91ADE342FAA338C0045AE5D /* Release */ = {
			isa = XCBuildConfiguration;
			buildSettings = {
				ALWAYS_SEARCH_USER_PATHS = NO;
				ASSETCATALOG_COMPILER_GENERATE_SWIFT_ASSET_SYMBOL_EXTENSIONS = YES;
				CLANG_ANALYZER_NONNULL = YES;
				CLANG_ANALYZER_NUMBER_OBJECT_CONVERSION = YES_AGGRESSIVE;
				CLANG_CXX_LANGUAGE_STANDARD = "gnu++20";
				CLANG_ENABLE_MODULES = YES;
				CLANG_ENABLE_OBJC_ARC = YES;
				CLANG_ENABLE_OBJC_WEAK = YES;
				CLANG_WARN_BLOCK_CAPTURE_AUTORELEASING = YES;
				CLANG_WARN_BOOL_CONVERSION = YES;
				CLANG_WARN_COMMA = YES;
				CLANG_WARN_CONSTANT_CONVERSION = YES;
				CLANG_WARN_DEPRECATED_OBJC_IMPLEMENTATIONS = YES;
				CLANG_WARN_DIRECT_OBJC_ISA_USAGE = YES_ERROR;
				CLANG_WARN_DOCUMENTATION_COMMENTS = YES;
				CLANG_WARN_EMPTY_BODY = YES;
				CLANG_WARN_ENUM_CONVERSION = YES;
				CLANG_WARN_INFINITE_RECURSION = YES;
				CLANG_WARN_INT_CONVERSION = YES;
				CLANG_WARN_NON_LITERAL_NULL_CONVERSION = YES;
				CLANG_WARN_OBJC_IMPLICIT_RETAIN_SELF = YES;
				CLANG_WARN_OBJC_LITERAL_CONVERSION = YES;
				CLANG_WARN_OBJC_ROOT_CLASS = YES_ERROR;
				CLANG_WARN_QUOTED_INCLUDE_IN_FRAMEWORK_HEADER = YES;
				CLANG_WARN_RANGE_LOOP_ANALYSIS = YES;
				CLANG_WARN_STRICT_PROTOTYPES = YES;
				CLANG_WARN_SUSPICIOUS_MOVE = YES;
				CLANG_WARN_UNGUARDED_AVAILABILITY = YES_AGGRESSIVE;
				CLANG_WARN_UNREACHABLE_CODE = YES;
				CLANG_WARN__DUPLICATE_METHOD_MATCH = YES;
				COPY_PHASE_STRIP = NO;
				DEBUG_INFORMATION_FORMAT = "dwarf-with-dsym";
				DEVELOPMENT_TEAM = C8MD7S4PA6;
				ENABLE_NS_ASSERTIONS = NO;
				ENABLE_STRICT_OBJC_MSGSEND = YES;
				ENABLE_USER_SCRIPT_SANDBOXING = YES;
				GCC_C_LANGUAGE_STANDARD = gnu17;
				GCC_NO_COMMON_BLOCKS = YES;
				GCC_WARN_64_TO_32_BIT_CONVERSION = YES;
				GCC_WARN_ABOUT_RETURN_TYPE = YES_ERROR;
				GCC_WARN_UNDECLARED_SELECTOR = YES;
				GCC_WARN_UNINITIALIZED_AUTOS = YES_AGGRESSIVE;
				GCC_WARN_UNUSED_FUNCTION = YES;
				GCC_WARN_UNUSED_VARIABLE = YES;
				IPHONEOS_DEPLOYMENT_TARGET = 26.2;
				LOCALIZATION_PREFERS_STRING_CATALOGS = YES;
				MTL_ENABLE_DEBUG_INFO = NO;
				MTL_FAST_MATH = YES;
				SDKROOT = iphoneos;
				SWIFT_COMPILATION_MODE = wholemodule;
				VALIDATE_PRODUCT = YES;
			};
			name = Release;
		};
		A91ADE362FAA338C0045AE5D /* Debug */ = {
			isa = XCBuildConfiguration;
			buildSettings = {
				ASSETCATALOG_COMPILER_APPICON_NAME = AppIcon;
				ASSETCATALOG_COMPILER_GLOBAL_ACCENT_COLOR_NAME = AccentColor;
				CODE_SIGN_STYLE = Automatic;
				CURRENT_PROJECT_VERSION = 1;
				DEVELOPMENT_TEAM = C8MD7S4PA6;
				ENABLE_PREVIEWS = YES;
				GENERATE_INFOPLIST_FILE = YES;
				INFOPLIST_KEY_UIApplicationSceneManifest_Generation = YES;
				INFOPLIST_KEY_UIApplicationSupportsIndirectInputEvents = YES;
				INFOPLIST_KEY_UILaunchScreen_Generation = YES;
				INFOPLIST_KEY_UISupportedInterfaceOrientations = "UIInterfaceOrientationPortrait UIInterfaceOrientationPortraitUpsideDown";
				INFOPLIST_KEY_UISupportedInterfaceOrientations_iPad = "UIInterfaceOrientationLandscapeLeft UIInterfaceOrientationLandscapeRight UIInterfaceOrientationPortrait UIInterfaceOrientationPortraitUpsideDown";
				IPHONEOS_DEPLOYMENT_TARGET = 16.6;
				LD_RUNPATH_SEARCH_PATHS = (
					"$(inherited)",
					"@executable_path/Frameworks",
				);
				MARKETING_VERSION = 1.0;
				PRODUCT_BUNDLE_IDENTIFIER = dev.paktly.PaktlyDemo;
				PRODUCT_NAME = "$(TARGET_NAME)";
				STRING_CATALOG_GENERATE_SYMBOLS = YES;
				SWIFT_APPROACHABLE_CONCURRENCY = YES;
				SWIFT_DEFAULT_ACTOR_ISOLATION = MainActor;
				SWIFT_EMIT_LOC_STRINGS = YES;
				SWIFT_UPCOMING_FEATURE_MEMBER_IMPORT_VISIBILITY = YES;
				SWIFT_VERSION = 5.0;
				TARGETED_DEVICE_FAMILY = "1,2";
			};
			name = Debug;
		};
		A91ADE372FAA338C0045AE5D /* Release */ = {
			isa = XCBuildConfiguration;
			buildSettings = {
				ASSETCATALOG_COMPILER_APPICON_NAME = AppIcon;
				ASSETCATALOG_COMPILER_GLOBAL_ACCENT_COLOR_NAME = AccentColor;
				CODE_SIGN_STYLE = Automatic;
				CURRENT_PROJECT_VERSION = 1;
				DEVELOPMENT_TEAM = C8MD7S4PA6;
				ENABLE_PREVIEWS = YES;
				GENERATE_INFOPLIST_FILE = YES;
				INFOPLIST_KEY_UIApplicationSceneManifest_Generation = YES;
				INFOPLIST_KEY_UIApplicationSupportsIndirectInputEvents = YES;
				INFOPLIST_KEY_UILaunchScreen_Generation = YES;
				INFOPLIST_KEY_UISupportedInterfaceOrientations = "UIInterfaceOrientationPortrait UIInterfaceOrientationPortraitUpsideDown";
				INFOPLIST_KEY_UISupportedInterfaceOrientations_iPad = "UIInterfaceOrientationLandscapeLeft UIInterfaceOrientationLandscapeRight UIInterfaceOrientationPortrait UIInterfaceOrientationPortraitUpsideDown";
				IPHONEOS_DEPLOYMENT_TARGET = 16.6;
				LD_RUNPATH_SEARCH_PATHS = (
					"$(inherited)",
					"@executable_path/Frameworks",
				);
				MARKETING_VERSION = 1.0;
				PRODUCT_BUNDLE_IDENTIFIER = dev.paktly.PaktlyDemo;
				PRODUCT_NAME = "$(TARGET_NAME)";
				STRING_CATALOG_GENERATE_SYMBOLS = YES;
				SWIFT_APPROACHABLE_CONCURRENCY = YES;
				SWIFT_DEFAULT_ACTOR_ISOLATION = MainActor;
				SWIFT_EMIT_LOC_STRINGS = YES;
				SWIFT_UPCOMING_FEATURE_MEMBER_IMPORT_VISIBILITY = YES;
				SWIFT_VERSION = 5.0;
				TARGETED_DEVICE_FAMILY = "1,2";
			};
			name = Release;
		};
		A91ADE392FAA338C0045AE5D /* Debug */ = {
			isa = XCBuildConfiguration;
			buildSettings = {
				BUNDLE_LOADER = "$(TEST_HOST)";
				CODE_SIGN_STYLE = Automatic;
				CURRENT_PROJECT_VERSION = 1;
				DEVELOPMENT_TEAM = C8MD7S4PA6;
				GENERATE_INFOPLIST_FILE = YES;
				IPHONEOS_DEPLOYMENT_TARGET = 26.2;
				MARKETING_VERSION = 1.0;
				PRODUCT_BUNDLE_IDENTIFIER = dev.paktly.PaktlyDemoTests;
				PRODUCT_NAME = "$(TARGET_NAME)";
				STRING_CATALOG_GENERATE_SYMBOLS = NO;
				SWIFT_APPROACHABLE_CONCURRENCY = YES;
				SWIFT_EMIT_LOC_STRINGS = NO;
				SWIFT_UPCOMING_FEATURE_MEMBER_IMPORT_VISIBILITY = YES;
				SWIFT_VERSION = 5.0;
				TARGETED_DEVICE_FAMILY = "1,2";
				TEST_HOST = "$(BUILT_PRODUCTS_DIR)/PaktlyDemo.app/$(BUNDLE_EXECUTABLE_FOLDER_PATH)/PaktlyDemo";
			};
			name = Debug;
		};
		A91ADE3A2FAA338C0045AE5D /* Release */ = {
			isa = XCBuildConfiguration;
			buildSettings = {
				BUNDLE_LOADER = "$(TEST_HOST)";
				CODE_SIGN_STYLE = Automatic;
				CURRENT_PROJECT_VERSION = 1;
				DEVELOPMENT_TEAM = C8MD7S4PA6;
				GENERATE_INFOPLIST_FILE = YES;
				IPHONEOS_DEPLOYMENT_TARGET = 26.2;
				MARKETING_VERSION = 1.0;
				PRODUCT_BUNDLE_IDENTIFIER = dev.paktly.PaktlyDemoTests;
				PRODUCT_NAME = "$(TARGET_NAME)";
				STRING_CATALOG_GENERATE_SYMBOLS = NO;
				SWIFT_APPROACHABLE_CONCURRENCY = YES;
				SWIFT_EMIT_LOC_STRINGS = NO;
				SWIFT_UPCOMING_FEATURE_MEMBER_IMPORT_VISIBILITY = YES;
				SWIFT_VERSION = 5.0;
				TARGETED_DEVICE_FAMILY = "1,2";
				TEST_HOST = "$(BUILT_PRODUCTS_DIR)/PaktlyDemo.app/$(BUNDLE_EXECUTABLE_FOLDER_PATH)/PaktlyDemo";
			};
			name = Release;
		};
		A91ADE3C2FAA338C0045AE5D /* Debug */ = {
			isa = XCBuildConfiguration;
			buildSettings = {
				CODE_SIGN_STYLE = Automatic;
				CURRENT_PROJECT_VERSION = 1;
				DEVELOPMENT_TEAM = C8MD7S4PA6;
				GENERATE_INFOPLIST_FILE = YES;
				MARKETING_VERSION = 1.0;
				PRODUCT_BUNDLE_IDENTIFIER = dev.paktly.PaktlyDemoUITests;
				PRODUCT_NAME = "$(TARGET_NAME)";
				STRING_CATALOG_GENERATE_SYMBOLS = NO;
				SWIFT_APPROACHABLE_CONCURRENCY = YES;
				SWIFT_EMIT_LOC_STRINGS = NO;
				SWIFT_UPCOMING_FEATURE_MEMBER_IMPORT_VISIBILITY = YES;
				SWIFT_VERSION = 5.0;
				TARGETED_DEVICE_FAMILY = "1,2";
				TEST_TARGET_NAME = PaktlyDemo;
			};
			name = Debug;
		};
		A91ADE3D2FAA338C0045AE5D /* Release */ = {
			isa = XCBuildConfiguration;
			buildSettings = {
				CODE_SIGN_STYLE = Automatic;
				CURRENT_PROJECT_VERSION = 1;
				DEVELOPMENT_TEAM = C8MD7S4PA6;
				GENERATE_INFOPLIST_FILE = YES;
				MARKETING_VERSION = 1.0;
				PRODUCT_BUNDLE_IDENTIFIER = dev.paktly.PaktlyDemoUITests;
				PRODUCT_NAME = "$(TARGET_NAME)";
				STRING_CATALOG_GENERATE_SYMBOLS = NO;
				SWIFT_APPROACHABLE_CONCURRENCY = YES;
				SWIFT_EMIT_LOC_STRINGS = NO;
				SWIFT_UPCOMING_FEATURE_MEMBER_IMPORT_VISIBILITY = YES;
				SWIFT_VERSION = 5.0;
				TARGETED_DEVICE_FAMILY = "1,2";
				TEST_TARGET_NAME = PaktlyDemo;
			};
			name = Release;
		};
/* End XCBuildConfiguration section */

/* Begin XCConfigurationList section */
		A91ADE0F2FAA338B0045AE5D /* Build configuration list for PBXProject "PaktlyDemo" */ = {
			isa = XCConfigurationList;
			buildConfigurations = (
				A91ADE332FAA338C0045AE5D /* Debug */,
				A91ADE342FAA338C0045AE5D /* Release */,
			);
			defaultConfigurationIsVisible = 0;
			defaultConfigurationName = Release;
		};
		A91ADE352FAA338C0045AE5D /* Build configuration list for PBXNativeTarget "PaktlyDemo" */ = {
			isa = XCConfigurationList;
			buildConfigurations = (
				A91ADE362FAA338C0045AE5D /* Debug */,
				A91ADE372FAA338C0045AE5D /* Release */,
			);
			defaultConfigurationIsVisible = 0;
			defaultConfigurationName = Release;
		};
		A91ADE382FAA338C0045AE5D /* Build configuration list for PBXNativeTarget "PaktlyDemoTests" */ = {
			isa = XCConfigurationList;
			buildConfigurations = (
				A91ADE392FAA338C0045AE5D /* Debug */,
				A91ADE3A2FAA338C0045AE5D /* Release */,
			);
			defaultConfigurationIsVisible = 0;
			defaultConfigurationName = Release;
		};
		A91ADE3B2FAA338C0045AE5D /* Build configuration list for PBXNativeTarget "PaktlyDemoUITests" */ = {
			isa = XCConfigurationList;
			buildConfigurations = (
				A91ADE3C2FAA338C0045AE5D /* Debug */,
				A91ADE3D2FAA338C0045AE5D /* Release */,
			);
			defaultConfigurationIsVisible = 0;
			defaultConfigurationName = Release;
		};
/* End XCConfigurationList section */

/* Begin XCLocalSwiftPackageReference section */
		A91ADE3E2FAA33F80045AE5D /* XCLocalSwiftPackageReference "../../../ios" */ = {
			isa = XCLocalSwiftPackageReference;
			relativePath = ../../../ios;
		};
/* End XCLocalSwiftPackageReference section */

/* Begin XCSwiftPackageProductDependency section */
		A91ADE402FAA687E0045AE5D /* PaktlyKit */ = {
			isa = XCSwiftPackageProductDependency;
			package = A91ADE3E2FAA33F80045AE5D /* XCLocalSwiftPackageReference "../../../ios" */;
			productName = PaktlyKit;
		};
/* End XCSwiftPackageProductDependency section */
	};
	rootObject = A91ADE0C2FAA338B0045AE5D /* Project object */;
}
